
Microsoft Visual Studio Solution File, Format Version 12.00
# Visual Studio 2012
Project("{FAE04EC0-301F-11D3-BF4B-00C04F79EFBC}") = "ConsoleApplication1", "ConsoleApplication1\ConsoleApplication1.csproj", "{5732D0EF-F9F0-478E-926C-1883AF26B969}"
EndProject
Global
	GlobalSection(SolutionConfigurationPlatforms) = preSolution
		Debug|Any CPU = Debug|Any CPU
		Release|Any CPU = Release|Any CPU
	EndGlobalSection
	GlobalSection(ProjectConfigurationPlatforms) = postSolution
		{5732D0EF-F9F0-478E-926C-1883AF26B969}.Debug|Any CPU.ActiveCfg = Debug|Any CPU
		{5732D0EF-F9F0-478E-926C-1883AF26B969}.Debug|Any CPU.Build.0 = Debug|Any CPU
		{5732D0EF-F9F0-478E-926C-1883AF26B969}.Release|Any CPU.ActiveCfg = Release|Any CPU
		{5732D0EF-F9F0-478E-926C-1883AF26B969}.Release|Any CPU.Build.0 = Release|Any CPU
	EndGlobalSection
	GlobalSection(SolutionProperties) = preSolution
		HideSolutionNode = FALSE
	EndGlobalSection
EndGlobal
